
Microsoft Visual Studio Solution File, Format Version 12.00
# Visual Studio Version 16
VisualStudioVersion = 16.0.30907.101
MinimumVisualStudioVersion = 10.0.40219.1
Project("{FAE04EC0-301F-11D3-BF4B-00C04F79EFBC}") = "Buddies", "Buddies\Buddies.csproj", "{C971990E-79A1-4F5F-918F-69B95568AFA6}"
EndProject
Global
	GlobalSection(SolutionConfigurationPlatforms) = preSolution
		Debug|Any CPU = Debug|Any CPU
		Release|Any CPU = Release|Any CPU
	EndGlobalSection
	GlobalSection(ProjectConfigurationPlatforms) = postSolution
		{C971990E-79A1-4F5F-918F-69B95568AFA6}.Debug|Any CPU.ActiveCfg = Debug|Any CPU
		{C971990E-79A1-4F5F-918F-69B95568AFA6}.Debug|Any CPU.Build.0 = Debug|Any CPU
		{C971990E-79A1-4F5F-918F-69B95568AFA6}.Release|Any CPU.ActiveCfg = Release|Any CPU
		{C971990E-79A1-4F5F-918F-69B95568AFA6}.Release|Any CPU.Build.0 = Release|Any CPU
	EndGlobalSection
	GlobalSection(SolutionProperties) = preSolution
		HideSolutionNode = FALSE
	EndGlobalSection
	GlobalSection(ExtensibilityGlobals) = postSolution
		SolutionGuid = {4E77A5CB-F6AA-47EA-AE90-5F4003FDA9FE}
	EndGlobalSection
EndGlobal
